
Microsoft Visual Studio Solution File, Format Version 12.00
# Visual Studio 15
Project("{2150E333-8FDC-42A3-9474-1A3956D46DE8}") = "APIGateways", "APIGateways", "{ADB6E7B6-A080-46C1-8919-699358583970}"
EndProject
Project("{2150E333-8FDC-42A3-9474-1A3956D46DE8}") = "Services", "Services", "{34401B69-908B-46F9-859B-0C311AFF697E}"
EndProject
Project("{2150E333-8FDC-42A3-9474-1A3956D46DE8}") = "Identity", "Identity", "{D7C8C36D-BC83-4421-B31B-855153824EED}"
EndProject
Project("{2150E333-8FDC-42A3-9474-1A3956D46DE8}") = "Solution Items", "Solution Items", "{7AF59DAD-A0AB-48F4-BDDB-5558AF539CE8}"
	ProjectSection(SolutionItems) = preProject
		.travis.yml = .travis.yml
		nlog.config = nlog.config
	EndProjectSection
EndProject
Project("{FAE04EC0-301F-11D3-BF4B-00C04F79EFBC}") = "IdentityServer.API.Test", "Services\Identity\IdentityServer.API.Test\IdentityServer.API.Test.csproj", "{B77D63EE-AB1F-4159-9912-52275CD283C3}"
EndProject
Project("{FAE04EC0-301F-11D3-BF4B-00C04F79EFBC}") = "IdentityServer.API", "Services\Identity\IdentityServer.API\IdentityServer.API.csproj", "{DAA175EE-E5B9-45F6-8CA7-C29CF1A49861}"
EndProject
Project("{FAE04EC0-301F-11D3-BF4B-00C04F79EFBC}") = "IdentityServer.API.IntegrationTest", "Services\Identity\IdentityServer.API.IntegrationTest\IdentityServer.API.IntegrationTest.csproj", "{7D902EF1-6538-4E9D-BBFE-749F8C12EA51}"
EndProject
Global
	GlobalSection(SolutionConfigurationPlatforms) = preSolution
		Debug|Any CPU = Debug|Any CPU
		Release|Any CPU = Release|Any CPU
	EndGlobalSection
	GlobalSection(ProjectConfigurationPlatforms) = postSolution
		{B77D63EE-AB1F-4159-9912-52275CD283C3}.Debug|Any CPU.ActiveCfg = Debug|Any CPU
		{B77D63EE-AB1F-4159-9912-52275CD283C3}.Debug|Any CPU.Build.0 = Debug|Any CPU
		{B77D63EE-AB1F-4159-9912-52275CD283C3}.Release|Any CPU.ActiveCfg = Release|Any CPU
		{B77D63EE-AB1F-4159-9912-52275CD283C3}.Release|Any CPU.Build.0 = Release|Any CPU
		{DAA175EE-E5B9-45F6-8CA7-C29CF1A49861}.Debug|Any CPU.ActiveCfg = Debug|Any CPU
		{DAA175EE-E5B9-45F6-8CA7-C29CF1A49861}.Debug|Any CPU.Build.0 = Debug|Any CPU
		{DAA175EE-E5B9-45F6-8CA7-C29CF1A49861}.Release|Any CPU.ActiveCfg = Release|Any CPU
		{DAA175EE-E5B9-45F6-8CA7-C29CF1A49861}.Release|Any CPU.Build.0 = Release|Any CPU
		{7D902EF1-6538-4E9D-BBFE-749F8C12EA51}.Debug|Any CPU.ActiveCfg = Debug|Any CPU
		{7D902EF1-6538-4E9D-BBFE-749F8C12EA51}.Debug|Any CPU.Build.0 = Debug|Any CPU
		{7D902EF1-6538-4E9D-BBFE-749F8C12EA51}.Release|Any CPU.ActiveCfg = Release|Any CPU
		{7D902EF1-6538-4E9D-BBFE-749F8C12EA51}.Release|Any CPU.Build.0 = Release|Any CPU
	EndGlobalSection
	GlobalSection(NestedProjects) = preSolution
		{D7C8C36D-BC83-4421-B31B-855153824EED} = {34401B69-908B-46F9-859B-0C311AFF697E}
		{B77D63EE-AB1F-4159-9912-52275CD283C3} = {D7C8C36D-BC83-4421-B31B-855153824EED}
		{DAA175EE-E5B9-45F6-8CA7-C29CF1A49861} = {D7C8C36D-BC83-4421-B31B-855153824EED}
		{7D902EF1-6538-4E9D-BBFE-749F8C12EA51} = {D7C8C36D-BC83-4421-B31B-855153824EED}
	EndGlobalSection
	GlobalSection(MonoDevelopProperties) = preSolution
		Policies = $0
		$0.DotNetNamingPolicy = $1
		$1.DirectoryNamespaceAssociation = PrefixedHierarchical
		$1.ResourceNamePolicy = MSBuild
		$0.VersionControlPolicy = $2
	EndGlobalSection
EndGlobal
